
Microsoft Visual Studio Solution File, Format Version 12.00
# Visual Studio Version 17
VisualStudioVersion = 17.1.32421.90
MinimumVisualStudioVersion = 10.0.40219.1
Project("{8BC9CEB8-8B4A-11D0-8D11-00A0C91BC942}") = "countOdds", "countOdds\countOdds.vcxproj", "{AD51E762-0DD5-4305-9FEC-7CF155108E4A}"
EndProject
Project("{8BC9CEB8-8B4A-11D0-8D11-00A0C91BC942}") = "average", "average\average.vcxproj", "{76805E39-2F65-4FD4-9E10-07C17BA884D7}"
EndProject
Project("{8BC9CEB8-8B4A-11D0-8D11-00A0C91BC942}") = "hammingWeight", "hammingWeight\hammingWeight.vcxproj", "{01348EAA-BA9B-4918-AB8F-149945566C77}"
EndProject
Project("{8BC9CEB8-8B4A-11D0-8D11-00A0C91BC942}") = "subtractProductAndSum", "subtractProductAndSum\subtractProductAndSum.vcxproj", "{41C2AE38-B947-4DC5-925D-58334953EF8F}"
EndProject
Project("{8BC9CEB8-8B4A-11D0-8D11-00A0C91BC942}") = "largestPerimeter", "largestPerimeter\largestPerimeter.vcxproj", "{1D3A995D-5709-40FC-99EC-D070F1EFD277}"
EndProject
Project("{8BC9CEB8-8B4A-11D0-8D11-00A0C91BC942}") = "search", "search\search.vcxproj", "{044A170C-4616-4386-BEE6-FDF544B23D59}"
EndProject
Project("{8BC9CEB8-8B4A-11D0-8D11-00A0C91BC942}") = "sortedSquares", "sortedSquares\sortedSquares.vcxproj", "{6D718E4D-D331-435E-AC63-2CB4743FA3E4}"
EndProject
Project("{8BC9CEB8-8B4A-11D0-8D11-00A0C91BC942}") = "rotate", "rotate\rotate.vcxproj", "{F89F17AD-2138-484E-9FE8-D14FC1227794}"
EndProject
Project("{8BC9CEB8-8B4A-11D0-8D11-00A0C91BC942}") = "firstBadVersion", "firstBadVersion\firstBadVersion.vcxproj", "{F6707D72-B60F-4E67-A048-613755C72F48}"
EndProject
Project("{8BC9CEB8-8B4A-11D0-8D11-00A0C91BC942}") = "numberOfWeakCharacters", "numberOfWeakCharacters\numberOfWeakCharacters.vcxproj", "{F1BA90D0-9C59-4CEC-A031-5B664DDF0BE1}"
EndProject
Project("{8BC9CEB8-8B4A-11D0-8D11-00A0C91BC942}") = "maxWidthRamp", "maxWidthRamp\maxWidthRamp.vcxproj", "{C70A78EB-1A66-4AC8-B75B-4898BCCF5542}"
EndProject
Project("{8BC9CEB8-8B4A-11D0-8D11-00A0C91BC942}") = "intersection", "intersection\intersection.vcxproj", "{82204D56-579A-4866-8444-D3D2C59988AF}"
EndProject
Project("{8BC9CEB8-8B4A-11D0-8D11-00A0C91BC942}") = "countQuadruplets", "countQuadruplets\countQuadruplets.vcxproj", "{8BB3A420-4143-4DCC-9493-F5231C7D0104}"
EndProject
Project("{8BC9CEB8-8B4A-11D0-8D11-00A0C91BC942}") = "longestPalindrome", "longestPalindrome\longestPalindrome.vcxproj", "{AE9B5814-7D0E-464C-9AAF-65D118CB6FD5}"
EndProject
Project("{8BC9CEB8-8B4A-11D0-8D11-00A0C91BC942}") = "isSymmetric", "isSymmetric\isSymmetric.vcxproj", "{1BDEE0BB-B2E1-4566-AAE6-C4B742D069FD}"
EndProject
Project("{8BC9CEB8-8B4A-11D0-8D11-00A0C91BC942}") = "minCostToMoveChips", "minCostToMoveChips\minCostToMoveChips.vcxproj", "{64BD7E0C-7AF0-4D94-A3EE-72262B4F3666}"
EndProject
Project("{8BC9CEB8-8B4A-11D0-8D11-00A0C91BC942}") = "findOcurrences", "findOcurrences\findOcurrences.vcxproj", "{2CEDC876-E236-472D-918E-F96CEB38C339}"
EndProject
Project("{8BC9CEB8-8B4A-11D0-8D11-00A0C91BC942}") = "replaceDigits", "replaceDigits\replaceDigits.vcxproj", "{41522E77-6620-450B-964A-A187181A7C93}"
EndProject
Project("{8BC9CEB8-8B4A-11D0-8D11-00A0C91BC942}") = "runningSum", "runningSum\runningSum.vcxproj", "{5319EC1E-FB47-4776-85A1-5C91D3C5877B}"
EndProject
Project("{8BC9CEB8-8B4A-11D0-8D11-00A0C91BC942}") = "reverseOnlyLetters", "reverseOnlyLetters\reverseOnlyLetters.vcxproj", "{0EF1FE33-879B-4D15-B301-656232580BB6}"
EndProject
Project("{8BC9CEB8-8B4A-11D0-8D11-00A0C91BC942}") = "sumOddLengthSubarrays", "sumOddLengthSubarrays\sumOddLengthSubarrays.vcxproj", "{9BE0D60B-E7A4-43A0-BD1D-E100DBB154EE}"
EndProject
Global
	GlobalSection(SolutionConfigurationPlatforms) = preSolution
		Debug|x64 = Debug|x64
		Debug|x86 = Debug|x86
		Release|x64 = Release|x64
		Release|x86 = Release|x86
	EndGlobalSection
	GlobalSection(ProjectConfigurationPlatforms) = postSolution
		{AD51E762-0DD5-4305-9FEC-7CF155108E4A}.Debug|x64.ActiveCfg = Debug|x64
		{AD51E762-0DD5-4305-9FEC-7CF155108E4A}.Debug|x64.Build.0 = Debug|x64
		{AD51E762-0DD5-4305-9FEC-7CF155108E4A}.Debug|x86.ActiveCfg = Debug|Win32
		{AD51E762-0DD5-4305-9FEC-7CF155108E4A}.Debug|x86.Build.0 = Debug|Win32
		{AD51E762-0DD5-4305-9FEC-7CF155108E4A}.Release|x64.ActiveCfg = Release|x64
		{AD51E762-0DD5-4305-9FEC-7CF155108E4A}.Release|x64.Build.0 = Release|x64
		{AD51E762-0DD5-4305-9FEC-7CF155108E4A}.Release|x86.ActiveCfg = Release|Win32
		{AD51E762-0DD5-4305-9FEC-7CF155108E4A}.Release|x86.Build.0 = Release|Win32
		{76805E39-2F65-4FD4-9E10-07C17BA884D7}.Debug|x64.ActiveCfg = Debug|x64
		{76805E39-2F65-4FD4-9E10-07C17BA884D7}.Debug|x64.Build.0 = Debug|x64
		{76805E39-2F65-4FD4-9E10-07C17BA884D7}.Debug|x86.ActiveCfg = Debug|Win32
		{76805E39-2F65-4FD4-9E10-07C17BA884D7}.Debug|x86.Build.0 = Debug|Win32
		{76805E39-2F65-4FD4-9E10-07C17BA884D7}.Release|x64.ActiveCfg = Release|x64
		{76805E39-2F65-4FD4-9E10-07C17BA884D7}.Release|x64.Build.0 = Release|x64
		{76805E39-2F65-4FD4-9E10-07C17BA884D7}.Release|x86.ActiveCfg = Release|Win32
		{76805E39-2F65-4FD4-9E10-07C17BA884D7}.Release|x86.Build.0 = Release|Win32
		{01348EAA-BA9B-4918-AB8F-149945566C77}.Debug|x64.ActiveCfg = Debug|x64
		{01348EAA-BA9B-4918-AB8F-149945566C77}.Debug|x64.Build.0 = Debug|x64
		{01348EAA-BA9B-4918-AB8F-149945566C77}.Debug|x86.ActiveCfg = Debug|Win32
		{01348EAA-BA9B-4918-AB8F-149945566C77}.Debug|x86.Build.0 = Debug|Win32
		{01348EAA-BA9B-4918-AB8F-149945566C77}.Release|x64.ActiveCfg = Release|x64
		{01348EAA-BA9B-4918-AB8F-149945566C77}.Release|x64.Build.0 = Release|x64
		{01348EAA-BA9B-4918-AB8F-149945566C77}.Release|x86.ActiveCfg = Release|Win32
		{01348EAA-BA9B-4918-AB8F-149945566C77}.Release|x86.Build.0 = Release|Win32
		{41C2AE38-B947-4DC5-925D-58334953EF8F}.Debug|x64.ActiveCfg = Debug|x64
		{41C2AE38-B947-4DC5-925D-58334953EF8F}.Debug|x64.Build.0 = Debug|x64
		{41C2AE38-B947-4DC5-925D-58334953EF8F}.Debug|x86.ActiveCfg = Debug|Win32
		{41C2AE38-B947-4DC5-925D-58334953EF8F}.Debug|x86.Build.0 = Debug|Win32
		{41C2AE38-B947-4DC5-925D-58334953EF8F}.Release|x64.ActiveCfg = Release|x64
		{41C2AE38-B947-4DC5-925D-58334953EF8F}.Release|x64.Build.0 = Release|x64
		{41C2AE38-B947-4DC5-925D-58334953EF8F}.Release|x86.ActiveCfg = Release|Win32
		{41C2AE38-B947-4DC5-925D-58334953EF8F}.Release|x86.Build.0 = Release|Win32
		{1D3A995D-5709-40FC-99EC-D070F1EFD277}.Debug|x64.ActiveCfg = Debug|x64
		{1D3A995D-5709-40FC-99EC-D070F1EFD277}.Debug|x64.Build.0 = Debug|x64
		{1D3A995D-5709-40FC-99EC-D070F1EFD277}.Debug|x86.ActiveCfg = Debug|Win32
		{1D3A995D-5709-40FC-99EC-D070F1EFD277}.Debug|x86.Build.0 = Debug|Win32
		{1D3A995D-5709-40FC-99EC-D070F1EFD277}.Release|x64.ActiveCfg = Release|x64
		{1D3A995D-5709-40FC-99EC-D070F1EFD277}.Release|x64.Build.0 = Release|x64
		{1D3A995D-5709-40FC-99EC-D070F1EFD277}.Release|x86.ActiveCfg = Release|Win32
		{1D3A995D-5709-40FC-99EC-D070F1EFD277}.Release|x86.Build.0 = Release|Win32
		{044A170C-4616-4386-BEE6-FDF544B23D59}.Debug|x64.ActiveCfg = Debug|x64
		{044A170C-4616-4386-BEE6-FDF544B23D59}.Debug|x64.Build.0 = Debug|x64
		{044A170C-4616-4386-BEE6-FDF544B23D59}.Debug|x86.ActiveCfg = Debug|Win32
		{044A170C-4616-4386-BEE6-FDF544B23D59}.Debug|x86.Build.0 = Debug|Win32
		{044A170C-4616-4386-BEE6-FDF544B23D59}.Release|x64.ActiveCfg = Release|x64
		{044A170C-4616-4386-BEE6-FDF544B23D59}.Release|x64.Build.0 = Release|x64
		{044A170C-4616-4386-BEE6-FDF544B23D59}.Release|x86.ActiveCfg = Release|Win32
		{044A170C-4616-4386-BEE6-FDF544B23D59}.Release|x86.Build.0 = Release|Win32
		{6D718E4D-D331-435E-AC63-2CB4743FA3E4}.Debug|x64.ActiveCfg = Debug|x64
		{6D718E4D-D331-435E-AC63-2CB4743FA3E4}.Debug|x64.Build.0 = Debug|x64
		{6D718E4D-D331-435E-AC63-2CB4743FA3E4}.Debug|x86.ActiveCfg = Debug|Win32
		{6D718E4D-D331-435E-AC63-2CB4743FA3E4}.Debug|x86.Build.0 = Debug|Win32
		{6D718E4D-D331-435E-AC63-2CB4743FA3E4}.Release|x64.ActiveCfg = Release|x64
		{6D718E4D-D331-435E-AC63-2CB4743FA3E4}.Release|x64.Build.0 = Release|x64
		{6D718E4D-D331-435E-AC63-2CB4743FA3E4}.Release|x86.ActiveCfg = Release|Win32
		{6D718E4D-D331-435E-AC63-2CB4743FA3E4}.Release|x86.Build.0 = Release|Win32
		{F89F17AD-2138-484E-9FE8-D14FC1227794}.Debug|x64.ActiveCfg = Debug|x64
		{F89F17AD-2138-484E-9FE8-D14FC1227794}.Debug|x64.Build.0 = Debug|x64
		{F89F17AD-2138-484E-9FE8-D14FC1227794}.Debug|x86.ActiveCfg = Debug|Win32
		{F89F17AD-2138-484E-9FE8-D14FC1227794}.Debug|x86.Build.0 = Debug|Win32
		{F89F17AD-2138-484E-9FE8-D14FC1227794}.Release|x64.ActiveCfg = Release|x64
		{F89F17AD-2138-484E-9FE8-D14FC1227794}.Release|x64.Build.0 = Release|x64
		{F89F17AD-2138-484E-9FE8-D14FC1227794}.Release|x86.ActiveCfg = Release|Win32
		{F89F17AD-2138-484E-9FE8-D14FC1227794}.Release|x86.Build.0 = Release|Win32
		{F6707D72-B60F-4E67-A048-613755C72F48}.Debug|x64.ActiveCfg = Debug|x64
		{F6707D72-B60F-4E67-A048-613755C72F48}.Debug|x64.Build.0 = Debug|x64
		{F6707D72-B60F-4E67-A048-613755C72F48}.Debug|x86.ActiveCfg = Debug|Win32
		{F6707D72-B60F-4E67-A048-613755C72F48}.Debug|x86.Build.0 = Debug|Win32
		{F6707D72-B60F-4E67-A048-613755C72F48}.Release|x64.ActiveCfg = Release|x64
		{F6707D72-B60F-4E67-A048-613755C72F48}.Release|x64.Build.0 = Release|x64
		{F6707D72-B60F-4E67-A048-613755C72F48}.Release|x86.ActiveCfg = Release|Win32
		{F6707D72-B60F-4E67-A048-613755C72F48}.Release|x86.Build.0 = Release|Win32
		{F1BA90D0-9C59-4CEC-A031-5B664DDF0BE1}.Debug|x64.ActiveCfg = Debug|x64
		{F1BA90D0-9C59-4CEC-A031-5B664DDF0BE1}.Debug|x64.Build.0 = Debug|x64
		{F1BA90D0-9C59-4CEC-A031-5B664DDF0BE1}.Debug|x86.ActiveCfg = Debug|Win32
		{F1BA90D0-9C59-4CEC-A031-5B664DDF0BE1}.Debug|x86.Build.0 = Debug|Win32
		{F1BA90D0-9C59-4CEC-A031-5B664DDF0BE1}.Release|x64.ActiveCfg = Release|x64
		{F1BA90D0-9C59-4CEC-A031-5B664DDF0BE1}.Release|x64.Build.0 = Release|x64
		{F1BA90D0-9C59-4CEC-A031-5B664DDF0BE1}.Release|x86.ActiveCfg = Release|Win32
		{F1BA90D0-9C59-4CEC-A031-5B664DDF0BE1}.Release|x86.Build.0 = Release|Win32
		{C70A78EB-1A66-4AC8-B75B-4898BCCF5542}.Debug|x64.ActiveCfg = Debug|x64
		{C70A78EB-1A66-4AC8-B75B-4898BCCF5542}.Debug|x64.Build.0 = Debug|x64
		{C70A78EB-1A66-4AC8-B75B-4898BCCF5542}.Debug|x86.ActiveCfg = Debug|Win32
		{C70A78EB-1A66-4AC8-B75B-4898BCCF5542}.Debug|x86.Build.0 = Debug|Win32
		{C70A78EB-1A66-4AC8-B75B-4898BCCF5542}.Release|x64.ActiveCfg = Release|x64
		{C70A78EB-1A66-4AC8-B75B-4898BCCF5542}.Release|x64.Build.0 = Release|x64
		{C70A78EB-1A66-4AC8-B75B-4898BCCF5542}.Release|x86.ActiveCfg = Release|Win32
		{C70A78EB-1A66-4AC8-B75B-4898BCCF5542}.Release|x86.Build.0 = Release|Win32
		{82204D56-579A-4866-8444-D3D2C59988AF}.Debug|x64.ActiveCfg = Debug|x64
		{82204D56-579A-4866-8444-D3D2C59988AF}.Debug|x64.Build.0 = Debug|x64
		{82204D56-579A-4866-8444-D3D2C59988AF}.Debug|x86.ActiveCfg = Debug|Win32
		{82204D56-579A-4866-8444-D3D2C59988AF}.Debug|x86.Build.0 = Debug|Win32
		{82204D56-579A-4866-8444-D3D2C59988AF}.Release|x64.ActiveCfg = Release|x64
		{82204D56-579A-4866-8444-D3D2C59988AF}.Release|x64.Build.0 = Release|x64
		{82204D56-579A-4866-8444-D3D2C59988AF}.Release|x86.ActiveCfg = Release|Win32
		{82204D56-579A-4866-8444-D3D2C59988AF}.Release|x86.Build.0 = Release|Win32
		{8BB3A420-4143-4DCC-9493-F5231C7D0104}.Debug|x64.ActiveCfg = Debug|x64
		{8BB3A420-4143-4DCC-9493-F5231C7D0104}.Debug|x64.Build.0 = Debug|x64
		{8BB3A420-4143-4DCC-9493-F5231C7D0104}.Debug|x86.ActiveCfg = Debug|Win32
		{8BB3A420-4143-4DCC-9493-F5231C7D0104}.Debug|x86.Build.0 = Debug|Win32
		{8BB3A420-4143-4DCC-9493-F5231C7D0104}.Release|x64.ActiveCfg = Release|x64
		{8BB3A420-4143-4DCC-9493-F5231C7D0104}.Release|x64.Build.0 = Release|x64
		{8BB3A420-4143-4DCC-9493-F5231C7D0104}.Release|x86.ActiveCfg = Release|Win32
		{8BB3A420-4143-4DCC-9493-F5231C7D0104}.Release|x86.Build.0 = Release|Win32
		{AE9B5814-7D0E-464C-9AAF-65D118CB6FD5}.Debug|x64.ActiveCfg = Debug|x64
		{AE9B5814-7D0E-464C-9AAF-65D118CB6FD5}.Debug|x64.Build.0 = Debug|x64
		{AE9B5814-7D0E-464C-9AAF-65D118CB6FD5}.Debug|x86.ActiveCfg = Debug|Win32
		{AE9B5814-7D0E-464C-9AAF-65D118CB6FD5}.Debug|x86.Build.0 = Debug|Win32
		{AE9B5814-7D0E-464C-9AAF-65D118CB6FD5}.Release|x64.ActiveCfg = Release|x64
		{AE9B5814-7D0E-464C-9AAF-65D118CB6FD5}.Release|x64.Build.0 = Release|x64
		{AE9B5814-7D0E-464C-9AAF-65D118CB6FD5}.Release|x86.ActiveCfg = Release|Win32
		{AE9B5814-7D0E-464C-9AAF-65D118CB6FD5}.Release|x86.Build.0 = Release|Win32
		{1BDEE0BB-B2E1-4566-AAE6-C4B742D069FD}.Debug|x64.ActiveCfg = Debug|x64
		{1BDEE0BB-B2E1-4566-AAE6-C4B742D069FD}.Debug|x64.Build.0 = Debug|x64
		{1BDEE0BB-B2E1-4566-AAE6-C4B742D069FD}.Debug|x86.ActiveCfg = Debug|Win32
		{1BDEE0BB-B2E1-4566-AAE6-C4B742D069FD}.Debug|x86.Build.0 = Debug|Win32
		{1BDEE0BB-B2E1-4566-AAE6-C4B742D069FD}.Release|x64.ActiveCfg = Release|x64
		{1BDEE0BB-B2E1-4566-AAE6-C4B742D069FD}.Release|x64.Build.0 = Release|x64
		{1BDEE0BB-B2E1-4566-AAE6-C4B742D069FD}.Release|x86.ActiveCfg = Release|Win32
		{1BDEE0BB-B2E1-4566-AAE6-C4B742D069FD}.Release|x86.Build.0 = Release|Win32
		{64BD7E0C-7AF0-4D94-A3EE-72262B4F3666}.Debug|x64.ActiveCfg = Debug|x64
		{64BD7E0C-7AF0-4D94-A3EE-72262B4F3666}.Debug|x64.Build.0 = Debug|x64
		{64BD7E0C-7AF0-4D94-A3EE-72262B4F3666}.Debug|x86.ActiveCfg = Debug|Win32
		{64BD7E0C-7AF0-4D94-A3EE-72262B4F3666}.Debug|x86.Build.0 = Debug|Win32
		{64BD7E0C-7AF0-4D94-A3EE-72262B4F3666}.Release|x64.ActiveCfg = Release|x64
		{64BD7E0C-7AF0-4D94-A3EE-72262B4F3666}.Release|x64.Build.0 = Release|x64
		{64BD7E0C-7AF0-4D94-A3EE-72262B4F3666}.Release|x86.ActiveCfg = Release|Win32
		{64BD7E0C-7AF0-4D94-A3EE-72262B4F3666}.Release|x86.Build.0 = Release|Win32
		{2CEDC876-E236-472D-918E-F96CEB38C339}.Debug|x64.ActiveCfg = Debug|x64
		{2CEDC876-E236-472D-918E-F96CEB38C339}.Debug|x64.Build.0 = Debug|x64
		{2CEDC876-E236-472D-918E-F96CEB38C339}.Debug|x86.ActiveCfg = Debug|Win32
		{2CEDC876-E236-472D-918E-F96CEB38C339}.Debug|x86.Build.0 = Debug|Win32
		{2CEDC876-E236-472D-918E-F96CEB38C339}.Release|x64.ActiveCfg = Release|x64
		{2CEDC876-E236-472D-918E-F96CEB38C339}.Release|x64.Build.0 = Release|x64
		{2CEDC876-E236-472D-918E-F96CEB38C339}.Release|x86.ActiveCfg = Release|Win32
		{2CEDC876-E236-472D-918E-F96CEB38C339}.Release|x86.Build.0 = Release|Win32
		{41522E77-6620-450B-964A-A187181A7C93}.Debug|x64.ActiveCfg = Debug|x64
		{41522E77-6620-450B-964A-A187181A7C93}.Debug|x64.Build.0 = Debug|x64
		{41522E77-6620-450B-964A-A187181A7C93}.Debug|x86.ActiveCfg = Debug|Win32
		{41522E77-6620-450B-964A-A187181A7C93}.Debug|x86.Build.0 = Debug|Win32
		{41522E77-6620-450B-964A-A187181A7C93}.Release|x64.ActiveCfg = Release|x64
		{41522E77-6620-450B-964A-A187181A7C93}.Release|x64.Build.0 = Release|x64
		{41522E77-6620-450B-964A-A187181A7C93}.Release|x86.ActiveCfg = Release|Win32
		{41522E77-6620-450B-964A-A187181A7C93}.Release|x86.Build.0 = Release|Win32
		{5319EC1E-FB47-4776-85A1-5C91D3C5877B}.Debug|x64.ActiveCfg = Debug|x64
		{5319EC1E-FB47-4776-85A1-5C91D3C5877B}.Debug|x64.Build.0 = Debug|x64
		{5319EC1E-FB47-4776-85A1-5C91D3C5877B}.Debug|x86.ActiveCfg = Debug|Win32
		{5319EC1E-FB47-4776-85A1-5C91D3C5877B}.Debug|x86.Build.0 = Debug|Win32
		{5319EC1E-FB47-4776-85A1-5C91D3C5877B}.Release|x64.ActiveCfg = Release|x64
		{5319EC1E-FB47-4776-85A1-5C91D3C5877B}.Release|x64.Build.0 = Release|x64
		{5319EC1E-FB47-4776-85A1-5C91D3C5877B}.Release|x86.ActiveCfg = Release|Win32
		{5319EC1E-FB47-4776-85A1-5C91D3C5877B}.Release|x86.Build.0 = Release|Win32
		{0EF1FE33-879B-4D15-B301-656232580BB6}.Debug|x64.ActiveCfg = Debug|x64
		{0EF1FE33-879B-4D15-B301-656232580BB6}.Debug|x64.Build.0 = Debug|x64
		{0EF1FE33-879B-4D15-B301-656232580BB6}.Debug|x86.ActiveCfg = Debug|Win32
		{0EF1FE33-879B-4D15-B301-656232580BB6}.Debug|x86.Build.0 = Debug|Win32
		{0EF1FE33-879B-4D15-B301-656232580BB6}.Release|x64.ActiveCfg = Release|x64
		{0EF1FE33-879B-4D15-B301-656232580BB6}.Release|x64.Build.0 = Release|x64
		{0EF1FE33-879B-4D15-B301-656232580BB6}.Release|x86.ActiveCfg = Release|Win32
		{0EF1FE33-879B-4D15-B301-656232580BB6}.Release|x86.Build.0 = Release|Win32
		{9BE0D60B-E7A4-43A0-BD1D-E100DBB154EE}.Debug|x64.ActiveCfg = Debug|x64
		{9BE0D60B-E7A4-43A0-BD1D-E100DBB154EE}.Debug|x64.Build.0 = Debug|x64
		{9BE0D60B-E7A4-43A0-BD1D-E100DBB154EE}.Debug|x86.ActiveCfg = Debug|Win32
		{9BE0D60B-E7A4-43A0-BD1D-E100DBB154EE}.Debug|x86.Build.0 = Debug|Win32
		{9BE0D60B-E7A4-43A0-BD1D-E100DBB154EE}.Release|x64.ActiveCfg = Release|x64
		{9BE0D60B-E7A4-43A0-BD1D-E100DBB154EE}.Release|x64.Build.0 = Release|x64
		{9BE0D60B-E7A4-43A0-BD1D-E100DBB154EE}.Release|x86.ActiveCfg = Release|Win32
		{9BE0D60B-E7A4-43A0-BD1D-E100DBB154EE}.Release|x86.Build.0 = Release|Win32
	EndGlobalSection
	GlobalSection(SolutionProperties) = preSolution
		HideSolutionNode = FALSE
	EndGlobalSection
	GlobalSection(ExtensibilityGlobals) = postSolution
		SolutionGuid = {7C67E5D8-C456-4D60-8E18-128B76242FEB}
	EndGlobalSection
EndGlobal
